
Microsoft Visual Studio Solution File, Format Version 12.00
# Visual Studio Version 16
VisualStudioVersion = 16.0.29806.167
MinimumVisualStudioVersion = 10.0.40219.1
Project("{FAE04EC0-301F-11D3-BF4B-00C04F79EFBC}") = "question7.1", "question7.1\question7.1.csproj", "{E7294FCA-414F-4A5B-98B1-DE721B6923E3}"
EndProject
Global
	GlobalSection(SolutionConfigurationPlatforms) = preSolution
		Debug|Any CPU = Debug|Any CPU
		Release|Any CPU = Release|Any CPU
	EndGlobalSection
	GlobalSection(ProjectConfigurationPlatforms) = postSolution
		{E7294FCA-414F-4A5B-98B1-DE721B6923E3}.Debug|Any CPU.ActiveCfg = Debug|Any CPU
		{E7294FCA-414F-4A5B-98B1-DE721B6923E3}.Debug|Any CPU.Build.0 = Debug|Any CPU
		{E7294FCA-414F-4A5B-98B1-DE721B6923E3}.Release|Any CPU.ActiveCfg = Release|Any CPU
		{E7294FCA-414F-4A5B-98B1-DE721B6923E3}.Release|Any CPU.Build.0 = Release|Any CPU
	EndGlobalSection
	GlobalSection(SolutionProperties) = preSolution
		HideSolutionNode = FALSE
	EndGlobalSection
	GlobalSection(ExtensibilityGlobals) = postSolution
		SolutionGuid = {35068D31-1CEB-433D-B217-EDF474CEAD0F}
	EndGlobalSection
EndGlobal
