
Microsoft Visual Studio Solution File, Format Version 12.00
# Visual Studio Version 16
VisualStudioVersion = 16.0.29926.136
MinimumVisualStudioVersion = 10.0.40219.1
Project("{FAE04EC0-301F-11D3-BF4B-00C04F79EFBC}") = "MVC3", "MVC3\MVC3.csproj", "{CA39EBA4-3089-4114-91DE-09A0AF4AF1DA}"
EndProject
Global
	GlobalSection(SolutionConfigurationPlatforms) = preSolution
		Debug|Any CPU = Debug|Any CPU
		Release|Any CPU = Release|Any CPU
	EndGlobalSection
	GlobalSection(ProjectConfigurationPlatforms) = postSolution
		{CA39EBA4-3089-4114-91DE-09A0AF4AF1DA}.Debug|Any CPU.ActiveCfg = Debug|Any CPU
		{CA39EBA4-3089-4114-91DE-09A0AF4AF1DA}.Debug|Any CPU.Build.0 = Debug|Any CPU
		{CA39EBA4-3089-4114-91DE-09A0AF4AF1DA}.Release|Any CPU.ActiveCfg = Release|Any CPU
		{CA39EBA4-3089-4114-91DE-09A0AF4AF1DA}.Release|Any CPU.Build.0 = Release|Any CPU
	EndGlobalSection
	GlobalSection(SolutionProperties) = preSolution
		HideSolutionNode = FALSE
	EndGlobalSection
	GlobalSection(ExtensibilityGlobals) = postSolution
		SolutionGuid = {35B2A7E7-1569-478D-A52F-49D51B942FC3}
	EndGlobalSection
EndGlobal
