
Microsoft Visual Studio Solution File, Format Version 12.00
# Visual Studio Version 16
VisualStudioVersion = 16.0.29926.136
MinimumVisualStudioVersion = 10.0.40219.1
Project("{FAE04EC0-301F-11D3-BF4B-00C04F79EFBC}") = "UnitTesting", "UnitTesting\UnitTesting.csproj", "{A53F71EC-FD72-454D-BE66-AFF64732910D}"
EndProject
Project("{FAE04EC0-301F-11D3-BF4B-00C04F79EFBC}") = "UnitTestProject", "UnitTestProject\UnitTestProject.csproj", "{1C14B85C-82CA-46EE-8DE9-F3776B7E496B}"
EndProject
Global
	GlobalSection(SolutionConfigurationPlatforms) = preSolution
		Debug|Any CPU = Debug|Any CPU
		Release|Any CPU = Release|Any CPU
	EndGlobalSection
	GlobalSection(ProjectConfigurationPlatforms) = postSolution
		{A53F71EC-FD72-454D-BE66-AFF64732910D}.Debug|Any CPU.ActiveCfg = Debug|Any CPU
		{A53F71EC-FD72-454D-BE66-AFF64732910D}.Debug|Any CPU.Build.0 = Debug|Any CPU
		{A53F71EC-FD72-454D-BE66-AFF64732910D}.Release|Any CPU.ActiveCfg = Release|Any CPU
		{A53F71EC-FD72-454D-BE66-AFF64732910D}.Release|Any CPU.Build.0 = Release|Any CPU
		{1C14B85C-82CA-46EE-8DE9-F3776B7E496B}.Debug|Any CPU.ActiveCfg = Debug|Any CPU
		{1C14B85C-82CA-46EE-8DE9-F3776B7E496B}.Debug|Any CPU.Build.0 = Debug|Any CPU
		{1C14B85C-82CA-46EE-8DE9-F3776B7E496B}.Release|Any CPU.ActiveCfg = Release|Any CPU
		{1C14B85C-82CA-46EE-8DE9-F3776B7E496B}.Release|Any CPU.Build.0 = Release|Any CPU
	EndGlobalSection
	GlobalSection(SolutionProperties) = preSolution
		HideSolutionNode = FALSE
	EndGlobalSection
	GlobalSection(ExtensibilityGlobals) = postSolution
		SolutionGuid = {004EBB8B-42D8-416B-8530-4FD0D348042D}
	EndGlobalSection
EndGlobal
